
Microsoft Visual Studio Solution File, Format Version 12.00
# Visual Studio 15
VisualStudioVersion = 15.0.28307.572
MinimumVisualStudioVersion = 10.0.40219.1
Project("{FAE04EC0-301F-11D3-BF4B-00C04F79EFBC}") = "ShadowHunter_Server", "ShadowHunter_Server\ShadowHunter_Server.csproj", "{2BF38217-E159-4B88-B3DE-87FC26B2C9DB}"
EndProject
Global
	GlobalSection(SolutionConfigurationPlatforms) = preSolution
		Debug|Any CPU = Debug|Any CPU
		Release|Any CPU = Release|Any CPU
	EndGlobalSection
	GlobalSection(ProjectConfigurationPlatforms) = postSolution
		{2BF38217-E159-4B88-B3DE-87FC26B2C9DB}.Debug|Any CPU.ActiveCfg = Debug|Any CPU
		{2BF38217-E159-4B88-B3DE-87FC26B2C9DB}.Debug|Any CPU.Build.0 = Debug|Any CPU
		{2BF38217-E159-4B88-B3DE-87FC26B2C9DB}.Release|Any CPU.ActiveCfg = Release|Any CPU
		{2BF38217-E159-4B88-B3DE-87FC26B2C9DB}.Release|Any CPU.Build.0 = Release|Any CPU
	EndGlobalSection
	GlobalSection(SolutionProperties) = preSolution
		HideSolutionNode = FALSE
	EndGlobalSection
	GlobalSection(ExtensibilityGlobals) = postSolution
		SolutionGuid = {6CAB9672-78CD-4D23-AEB9-EF97653350D4}
	EndGlobalSection
EndGlobal
