
Microsoft Visual Studio Solution File, Format Version 12.00
# Visual Studio 15
VisualStudioVersion = 15.0.28307.572
MinimumVisualStudioVersion = 10.0.40219.1
Project("{FAE04EC0-301F-11D3-BF4B-00C04F79EFBC}") = "ShadowHunter_ClientNetwork", "ShadowHunter_ClientNetwork\ShadowHunter_ClientNetwork.csproj", "{B003ADCC-96F2-4928-8408-D68771FA1D34}"
EndProject
Global
	GlobalSection(SolutionConfigurationPlatforms) = preSolution
		Debug|Any CPU = Debug|Any CPU
		Release|Any CPU = Release|Any CPU
	EndGlobalSection
	GlobalSection(ProjectConfigurationPlatforms) = postSolution
		{B003ADCC-96F2-4928-8408-D68771FA1D34}.Debug|Any CPU.ActiveCfg = Debug|Any CPU
		{B003ADCC-96F2-4928-8408-D68771FA1D34}.Debug|Any CPU.Build.0 = Debug|Any CPU
		{B003ADCC-96F2-4928-8408-D68771FA1D34}.Release|Any CPU.ActiveCfg = Release|Any CPU
		{B003ADCC-96F2-4928-8408-D68771FA1D34}.Release|Any CPU.Build.0 = Release|Any CPU
	EndGlobalSection
	GlobalSection(SolutionProperties) = preSolution
		HideSolutionNode = FALSE
	EndGlobalSection
	GlobalSection(ExtensibilityGlobals) = postSolution
		SolutionGuid = {DBDA2944-DB31-46A9-B157-B45DD0A2699D}
	EndGlobalSection
EndGlobal
