
Microsoft Visual Studio Solution File, Format Version 12.00
# Visual Studio Version 16
VisualStudioVersion = 16.0.30711.63
MinimumVisualStudioVersion = 10.0.40219.1
Project("{FAE04EC0-301F-11D3-BF4B-00C04F79EFBC}") = "ShadowHunters", "ShadowHunters\ShadowHunters.csproj", "{32EB4A99-ED2A-4E3F-907D-5BB0BF14053C}"
EndProject
Global
	GlobalSection(SolutionConfigurationPlatforms) = preSolution
		Debug|Any CPU = Debug|Any CPU
		Release|Any CPU = Release|Any CPU
	EndGlobalSection
	GlobalSection(ProjectConfigurationPlatforms) = postSolution
		{32EB4A99-ED2A-4E3F-907D-5BB0BF14053C}.Debug|Any CPU.ActiveCfg = Debug|Any CPU
		{32EB4A99-ED2A-4E3F-907D-5BB0BF14053C}.Debug|Any CPU.Build.0 = Debug|Any CPU
		{32EB4A99-ED2A-4E3F-907D-5BB0BF14053C}.Release|Any CPU.ActiveCfg = Release|Any CPU
		{32EB4A99-ED2A-4E3F-907D-5BB0BF14053C}.Release|Any CPU.Build.0 = Release|Any CPU
	EndGlobalSection
	GlobalSection(SolutionProperties) = preSolution
		HideSolutionNode = FALSE
	EndGlobalSection
	GlobalSection(ExtensibilityGlobals) = postSolution
		SolutionGuid = {FAD82053-8FE2-4F5C-AE19-011C3E167A6E}
	EndGlobalSection
EndGlobal
